
Microsoft Visual Studio Solution File, Format Version 12.00
# Visual Studio Version 17
VisualStudioVersion = 17.14.36717.8
MinimumVisualStudioVersion = 10.0.40219.1
Project("{8BC9CEB8-8B4A-11D0-8D11-00A0C91BC942}") = "Chapter6", "Chapter6.vcxproj", "{F73F21B8-C02A-460D-BA44-F432D709E943}"
EndProject
Project("{8BC9CEB8-8B4A-11D0-8D11-00A0C91BC942}") = "SimpleString", "..\SimpleString\SimpleString.vcxproj", "{9524D3BC-10F9-4FB8-92D2-56B37BD242DB}"
EndProject
Project("{8BC9CEB8-8B4A-11D0-8D11-00A0C91BC942}") = "Composition", "..\Composition\Composition.vcxproj", "{1C365935-8776-459A-BE64-B00039E01A9E}"
EndProject
Global
	GlobalSection(SolutionConfigurationPlatforms) = preSolution
		Debug|x64 = Debug|x64
		Debug|x86 = Debug|x86
		Release|x64 = Release|x64
		Release|x86 = Release|x86
	EndGlobalSection
	GlobalSection(ProjectConfigurationPlatforms) = postSolution
		{F73F21B8-C02A-460D-BA44-F432D709E943}.Debug|x64.ActiveCfg = Debug|x64
		{F73F21B8-C02A-460D-BA44-F432D709E943}.Debug|x64.Build.0 = Debug|x64
		{F73F21B8-C02A-460D-BA44-F432D709E943}.Debug|x86.ActiveCfg = Debug|Win32
		{F73F21B8-C02A-460D-BA44-F432D709E943}.Debug|x86.Build.0 = Debug|Win32
		{F73F21B8-C02A-460D-BA44-F432D709E943}.Release|x64.ActiveCfg = Release|x64
		{F73F21B8-C02A-460D-BA44-F432D709E943}.Release|x64.Build.0 = Release|x64
		{F73F21B8-C02A-460D-BA44-F432D709E943}.Release|x86.ActiveCfg = Release|Win32
		{F73F21B8-C02A-460D-BA44-F432D709E943}.Release|x86.Build.0 = Release|Win32
		{9524D3BC-10F9-4FB8-92D2-56B37BD242DB}.Debug|x64.ActiveCfg = Debug|x64
		{9524D3BC-10F9-4FB8-92D2-56B37BD242DB}.Debug|x64.Build.0 = Debug|x64
		{9524D3BC-10F9-4FB8-92D2-56B37BD242DB}.Debug|x86.ActiveCfg = Debug|Win32
		{9524D3BC-10F9-4FB8-92D2-56B37BD242DB}.Debug|x86.Build.0 = Debug|Win32
		{9524D3BC-10F9-4FB8-92D2-56B37BD242DB}.Release|x64.ActiveCfg = Release|x64
		{9524D3BC-10F9-4FB8-92D2-56B37BD242DB}.Release|x64.Build.0 = Release|x64
		{9524D3BC-10F9-4FB8-92D2-56B37BD242DB}.Release|x86.ActiveCfg = Release|Win32
		{9524D3BC-10F9-4FB8-92D2-56B37BD242DB}.Release|x86.Build.0 = Release|Win32
		{1C365935-8776-459A-BE64-B00039E01A9E}.Debug|x64.ActiveCfg = Debug|x64
		{1C365935-8776-459A-BE64-B00039E01A9E}.Debug|x64.Build.0 = Debug|x64
		{1C365935-8776-459A-BE64-B00039E01A9E}.Debug|x86.ActiveCfg = Debug|Win32
		{1C365935-8776-459A-BE64-B00039E01A9E}.Debug|x86.Build.0 = Debug|Win32
		{1C365935-8776-459A-BE64-B00039E01A9E}.Release|x64.ActiveCfg = Release|x64
		{1C365935-8776-459A-BE64-B00039E01A9E}.Release|x64.Build.0 = Release|x64
		{1C365935-8776-459A-BE64-B00039E01A9E}.Release|x86.ActiveCfg = Release|Win32
		{1C365935-8776-459A-BE64-B00039E01A9E}.Release|x86.Build.0 = Release|Win32
	EndGlobalSection
	GlobalSection(SolutionProperties) = preSolution
		HideSolutionNode = FALSE
	EndGlobalSection
	GlobalSection(ExtensibilityGlobals) = postSolution
		SolutionGuid = {69FEE3E4-4E4D-4CE2-84D1-E6541642B135}
	EndGlobalSection
EndGlobal
